<?xml version="1.0" encoding="UTF-8" standalone="yes" ?>
<CodeBlocks_project_file>
	<FileVersion major="1" minor="6" />
	<Project>
		<Option title="os" />
		<Option pch_mode="2" />
		<Option compiler="null" />
		<Build>
			<Target title="Debug">
				<Option output="bin/Debug/os" prefix_auto="1" extension_auto="1" />
				<Option object_output="obj/Debug/" />
				<Option type="1" />
				<Option compiler="null" />
			</Target>
			<Target title="Release">
				<Option output="bin/Release/os" prefix_auto="1" extension_auto="1" />
				<Option object_output="obj/Release/" />
				<Option type="1" />
				<Option compiler="null" />
			</Target>
		</Build>
		<Unit filename="Makefile" />
		<Unit filename="cpu/arch_specific.h" />
		<Unit filename="cpu/cpu.c">
			<Option compilerVar="CC" />
		</Unit>
		<Unit filename="cpu/cpu.h" />
		<Unit filename="cpu/mc68000/exceptions.h" />
		<Unit filename="cpu/mc68000/irq.S" />
		<Unit filename="cpu/mc68000/mc68000.c">
			<Option compilerVar="CC" />
		</Unit>
		<Unit filename="cpu/mc68000/mc68000.h" />
		<Unit filename="device/bbram.c">
			<Option compilerVar="CC" />
		</Unit>
		<Unit filename="device/bbram.h" />
		<Unit filename="device/block/ata/ata-internal.h" />
		<Unit filename="device/block/ata/ata.c">
			<Option compilerVar="CC" />
		</Unit>
		<Unit filename="device/block/ata/ata.h" />
		<Unit filename="device/block/partition/mbr.h" />
		<Unit filename="device/block/partition/partition.c">
			<Option compilerVar="CC" />
		</Unit>
		<Unit filename="device/block/partition/partition.h" />
		<Unit filename="device/devctl.h" />
		<Unit filename="device/device.c">
			<Option compilerVar="CC" />
		</Unit>
		<Unit filename="device/device.h" />
		<Unit filename="device/ds17485.c">
			<Option compilerVar="CC" />
		</Unit>
		<Unit filename="device/ds17485.h" />
		<Unit filename="device/duart.c">
			<Option compilerVar="CC" />
		</Unit>
		<Unit filename="device/duart.h" />
		<Unit filename="device/encx24j600.c">
			<Option compilerVar="CC" />
		</Unit>
		<Unit filename="device/encx24j600.h" />
		<Unit filename="device/expansion.c">
			<Option compilerVar="CC" />
		</Unit>
		<Unit filename="device/expansion.h" />
		<Unit filename="device/led.c">
			<Option compilerVar="CC" />
		</Unit>
		<Unit filename="device/led.h" />
		<Unit filename="dfu.c">
			<Option compilerVar="CC" />
		</Unit>
		<Unit filename="dfu.h" />
		<Unit filename="fs/ext2/ext2.c">
			<Option compilerVar="CC" />
		</Unit>
		<Unit filename="fs/ext2/ext2.h" />
		<Unit filename="fs/fat/fat.c">
			<Option compilerVar="CC" />
		</Unit>
		<Unit filename="fs/fat/fat.h" />
		<Unit filename="fs/file.c">
			<Option compilerVar="CC" />
		</Unit>
		<Unit filename="fs/file.h" />
		<Unit filename="fs/mount.c">
			<Option compilerVar="CC" />
		</Unit>
		<Unit filename="fs/mount.h" />
		<Unit filename="fs/vfs.c">
			<Option compilerVar="CC" />
		</Unit>
		<Unit filename="fs/vfs.h" />
		<Unit filename="global.mk" />
		<Unit filename="include/byteorder.h" />
		<Unit filename="include/ctype.h" />
		<Unit filename="include/defs.h" />
		<Unit filename="include/elf.h" />
		<Unit filename="include/error.h" />
		<Unit filename="include/limits.h" />
		<Unit filename="include/list.h" />
		<Unit filename="include/types.h" />
		<Unit filename="include/version.h" />
		<Unit filename="kernel/elf.c">
			<Option compilerVar="CC" />
		</Unit>
		<Unit filename="kernel/ksym.c">
			<Option compilerVar="CC" />
		</Unit>
		<Unit filename="kernel/ksym.h" />
		<Unit filename="kernel/syscall.S" />
		<Unit filename="kernel/syscall.h" />
		<Unit filename="kernel/syscalls.c">
			<Option compilerVar="CC" />
		</Unit>
		<Unit filename="klibc/Makefile" />
		<Unit filename="klibc/assert.c">
			<Option compilerVar="CC" />
		</Unit>
		<Unit filename="klibc/assert.h" />
		<Unit filename="klibc/ctype.c">
			<Option compilerVar="CC" />
		</Unit>
		<Unit filename="klibc/ctype.h" />
		<Unit filename="klibc/errno.c">
			<Option compilerVar="CC" />
		</Unit>
		<Unit filename="klibc/errno.h" />
		<Unit filename="klibc/limits.h" />
		<Unit filename="klibc/printf.c">
			<Option compilerVar="CC" />
		</Unit>
		<Unit filename="klibc/stdio.c">
			<Option compilerVar="CC" />
		</Unit>
		<Unit filename="klibc/stdio.h" />
		<Unit filename="klibc/stdlib.c">
			<Option compilerVar="CC" />
		</Unit>
		<Unit filename="klibc/stdlib.h" />
		<Unit filename="klibc/string.c">
			<Option compilerVar="CC" />
		</Unit>
		<Unit filename="klibc/string.h" />
		<Unit filename="klibc/strings.c">
			<Option compilerVar="CC" />
		</Unit>
		<Unit filename="klibc/strings.h" />
		<Unit filename="kutil/Makefile" />
		<Unit filename="kutil/bvec.c">
			<Option compilerVar="CC" />
		</Unit>
		<Unit filename="kutil/bvec.h" />
		<Unit filename="kutil/checksum.c">
			<Option compilerVar="CC" />
		</Unit>
		<Unit filename="kutil/dump.c">
			<Option compilerVar="CC" />
		</Unit>
		<Unit filename="kutil/ktime.c">
			<Option compilerVar="CC" />
		</Unit>
		<Unit filename="kutil/kutil.h" />
		<Unit filename="kutil/numeric.c">
			<Option compilerVar="CC" />
		</Unit>
		<Unit filename="kutil/string.c">
			<Option compilerVar="CC" />
		</Unit>
		<Unit filename="main.c">
			<Option compilerVar="CC" />
		</Unit>
		<Unit filename="memory/buddy.c">
			<Option compilerVar="CC" />
		</Unit>
		<Unit filename="memory/buddy.h" />
		<Unit filename="memory/extents.c">
			<Option compilerVar="CC" />
		</Unit>
		<Unit filename="memory/extents.h" />
		<Unit filename="memory/heap.c">
			<Option compilerVar="CC" />
		</Unit>
		<Unit filename="memory/heap.h" />
		<Unit filename="memory/kmalloc.c">
			<Option compilerVar="CC" />
		</Unit>
		<Unit filename="memory/kmalloc.h" />
		<Unit filename="memory/memorymap.h" />
		<Unit filename="memory/slab.c">
			<Option compilerVar="CC" />
		</Unit>
		<Unit filename="memory/slab.h" />
		<Unit filename="monitor/Makefile" />
		<Unit filename="monitor/commands.c">
			<Option compilerVar="CC" />
		</Unit>
		<Unit filename="monitor/disasm.c">
			<Option compilerVar="CC" />
		</Unit>
		<Unit filename="monitor/disasm.h" />
		<Unit filename="monitor/env.c">
			<Option compilerVar="CC" />
		</Unit>
		<Unit filename="monitor/env.h" />
		<Unit filename="monitor/history.c">
			<Option compilerVar="CC" />
		</Unit>
		<Unit filename="monitor/history.h" />
		<Unit filename="monitor/monitor.c">
			<Option compilerVar="CC" />
		</Unit>
		<Unit filename="monitor/monitor.h" />
		<Unit filename="monitor/readline.c">
			<Option compilerVar="CC" />
		</Unit>
		<Unit filename="monitor/readline.h" />
		<Unit filename="monitor/srec.c">
			<Option compilerVar="CC" />
		</Unit>
		<Unit filename="monitor/srec.h" />
		<Unit filename="platform/lambda_rev0/Makefile" />
		<Unit filename="platform/lambda_rev0/ata.h" />
		<Unit filename="platform/lambda_rev0/device.c">
			<Option compilerVar="CC" />
		</Unit>
		<Unit filename="platform/lambda_rev0/device.h" />
		<Unit filename="platform/lambda_rev0/ds17485.h" />
		<Unit filename="platform/lambda_rev0/exp16.h" />
		<Unit filename="platform/lambda_rev0/lambda.c">
			<Option compilerVar="CC" />
		</Unit>
		<Unit filename="platform/lambda_rev0/lambda.h" />
		<Unit filename="platform/lambda_rev0/mc68681.c">
			<Option compilerVar="CC" />
		</Unit>
		<Unit filename="platform/lambda_rev0/mc68681.h" />
		<Unit filename="platform/platform.h" />
		<Unit filename="rom.ld" />
		<Unit filename="sched/sched.c">
			<Option compilerVar="CC" />
		</Unit>
		<Unit filename="sched/sched.h" />
		<Unit filename="startup.S" />
		<Extensions>
			<envvars />
			<code_completion />
			<debugger />
			<lib_finder disable_auto="1" />
		</Extensions>
	</Project>
</CodeBlocks_project_file>
