<?xml version="1.0" encoding="UTF-8" standalone="yes" ?>
<CodeBlocks_project_file>
	<FileVersion major="1" minor="6" />
	<Project>
		<Option title="ayumos" />
		<Option pch_mode="2" />
		<Option compiler="m68k-linux-elf_toolchain" />
		<Build>
			<Target title="Debug">
				<Option output="bin/Debug/ayumos" prefix_auto="1" extension_auto="1" />
				<Option working_dir="" />
				<Option object_output="obj/Debug/" />
				<Option type="5" />
				<Option compiler="m68k-linux-elf_toolchain" />
				<Compiler>
					<Add option="-ffreestanding" />
					<Add option="-fno-delete-null-pointer-checks" />
					<Add option="-fomit-frame-pointer" />
					<Add option="-m68000" />
					<Add option="-O3" />
					<Add option="-Wextra" />
					<Add option="-Wall" />
					<Add option="-g" />
					<Add option="-include buildcfg.h" />
					<Add option="-DKMALLOC_HEAP" />
					<Add option="-DTARGET_MC68010" />
					<Add option="-DPLATFORM_LAMBDA_REV0" />
					<Add option="-DBUG_ATA_BYTE_SWAP" />
					<Add directory="/home/swallace/projects/m68k-system/firmware/os/" />
					<Add directory="/home/swallace/projects/m68k-system/firmware/os/klibc" />
					<Add directory="/home/swallace/projects/m68k-system/firmware/os/include" />
				</Compiler>
			</Target>
			<Target title="Release">
				<Option output="bin/Release/ayumos" prefix_auto="1" extension_auto="1" />
				<Option working_dir="" />
				<Option object_output="obj/Release/" />
				<Option type="5" />
				<Option compiler="m68k-linux-elf_toolchain" />
				<Compiler>
					<Add option="-ffreestanding" />
					<Add option="-fno-delete-null-pointer-checks" />
					<Add option="-fomit-frame-pointer" />
					<Add option="-m68000" />
					<Add option="-O3" />
					<Add option="-Wextra" />
					<Add option="-Wall" />
					<Add option="-g" />
					<Add option="-include buildcfg.h" />
				</Compiler>
			</Target>
		</Build>
		<Compiler>
			<Add option="-ffreestanding" />
			<Add option="-fno-delete-null-pointer-checks" />
			<Add option="-fomit-frame-pointer" />
			<Add option="-m68000" />
			<Add option="-O3" />
			<Add option="-Wextra" />
			<Add option="-Wall" />
			<Add option="-g" />
		</Compiler>
		<Linker>
			<Add option="-T platform/lambda_rev0/kernel.ld" />
			<Add option="-nostdlib" />
			<Add option="-static" />
			<Add option="-L/opt/m68k/lib/gcc/m68k-linux-elf/5.2.0/m68000" />
			<Add option="-L." />
			<Add library="gcc" />
		</Linker>
		<Unit filename="Makefile" />
		<Unit filename="buildcfg.h" />
		<Unit filename="cpu/arch_specific.h" />
		<Unit filename="cpu/mc68000/exceptions.h" />
		<Unit filename="cpu/mc68000/irq.S" />
		<Unit filename="cpu/mc68000/macros.S" />
		<Unit filename="cpu/mc68000/mc68000.c">
			<Option compilerVar="CC" />
		</Unit>
		<Unit filename="cpu/mc68000/mc68000.h" />
		<Unit filename="cpu/mc68000/process.S" />
		<Unit filename="cpu/mc68000/regs.h" />
		<Unit filename="cpu/mc68000/syscall.S" />
		<Unit filename="driver/ds17485.c">
			<Option compilerVar="CC" />
		</Unit>
		<Unit filename="driver/ds17485.h" />
		<Unit filename="driver/encx24j600.c">
			<Option compilerVar="CC" />
		</Unit>
		<Unit filename="driver/encx24j600.h" />
		<Unit filename="driver/mc68681.c">
			<Option compilerVar="CC" />
		</Unit>
		<Unit filename="driver/mc68681.h" />
		<Unit filename="driver/ps2controller.c">
			<Option compilerVar="CC" />
		</Unit>
		<Unit filename="driver/ps2controller.h" />
		<Unit filename="global.mk" />
		<Unit filename="kernel/boot.c">
			<Option compilerVar="CC" />
		</Unit>
		<Unit filename="kernel/console.c">
			<Option compilerVar="CC" />
		</Unit>
		<Unit filename="kernel/cpu.c">
			<Option compilerVar="CC" />
		</Unit>
		<Unit filename="kernel/device/ata.c">
			<Option compilerVar="CC" />
		</Unit>
		<Unit filename="kernel/device/ata.h" />
		<Unit filename="kernel/device/auto.c">
			<Option compilerVar="CC" />
		</Unit>
		<Unit filename="kernel/device/auto.h" />
		<Unit filename="kernel/device/block.c">
			<Option compilerVar="CC" />
		</Unit>
		<Unit filename="kernel/device/block.h" />
		<Unit filename="kernel/device/devctl.h" />
		<Unit filename="kernel/device/device.c">
			<Option compilerVar="CC" />
		</Unit>
		<Unit filename="kernel/device/device.h" />
		<Unit filename="kernel/device/mbr.h" />
		<Unit filename="kernel/device/memconsole.c">
			<Option compilerVar="CC" />
		</Unit>
		<Unit filename="kernel/device/memconsole.h" />
		<Unit filename="kernel/device/nvram.c">
			<Option compilerVar="CC" />
		</Unit>
		<Unit filename="kernel/device/nvram.h" />
		<Unit filename="kernel/device/partition.c">
			<Option compilerVar="CC" />
		</Unit>
		<Unit filename="kernel/device/partition.h" />
		<Unit filename="kernel/device/power.h" />
		<Unit filename="kernel/elf.c">
			<Option compilerVar="CC" />
		</Unit>
		<Unit filename="kernel/entry.c">
			<Option compilerVar="CC" />
		</Unit>
		<Unit filename="kernel/error.c">
			<Option compilerVar="CC" />
		</Unit>
		<Unit filename="kernel/error.h" />
		<Unit filename="kernel/fs/ext2/ext2.c">
			<Option compilerVar="CC" />
		</Unit>
		<Unit filename="kernel/fs/ext2/ext2.h" />
		<Unit filename="kernel/fs/fat/fat.c">
			<Option compilerVar="CC" />
		</Unit>
		<Unit filename="kernel/fs/fat/fat.h" />
		<Unit filename="kernel/fs/file.c">
			<Option compilerVar="CC" />
		</Unit>
		<Unit filename="kernel/fs/mount.c">
			<Option compilerVar="CC" />
		</Unit>
		<Unit filename="kernel/fs/romfs.c">
			<Option compilerVar="CC" />
		</Unit>
		<Unit filename="kernel/fs/vfs.c">
			<Option compilerVar="CC" />
		</Unit>
		<Unit filename="kernel/housekeeper.c">
			<Option compilerVar="CC" />
		</Unit>
		<Unit filename="kernel/housekeeper.h" />
		<Unit filename="kernel/include/boot.h" />
		<Unit filename="kernel/include/byteorder.h" />
		<Unit filename="kernel/include/console.h" />
		<Unit filename="kernel/include/cpu.h" />
		<Unit filename="kernel/include/defs.h" />
		<Unit filename="kernel/include/elf.h" />
		<Unit filename="kernel/include/error.h" />
		<Unit filename="kernel/include/fs/file.h" />
		<Unit filename="kernel/include/fs/mount.h" />
		<Unit filename="kernel/include/fs/romfs.h" />
		<Unit filename="kernel/include/fs/vfs.h" />
		<Unit filename="kernel/include/keyboard.h" />
		<Unit filename="kernel/include/ksym.h" />
		<Unit filename="kernel/include/limits.h" />
		<Unit filename="kernel/include/list.h" />
		<Unit filename="kernel/include/lock.h" />
		<Unit filename="kernel/include/memory/buddy.h" />
		<Unit filename="kernel/include/memory/extents.h" />
		<Unit filename="kernel/include/memory/heap.h" />
		<Unit filename="kernel/include/memory/kmalloc.h" />
		<Unit filename="kernel/include/memory/slab.h" />
		<Unit filename="kernel/include/net/address.h" />
		<Unit filename="kernel/include/net/arp.h" />
		<Unit filename="kernel/include/net/dhcp.h" />
		<Unit filename="kernel/include/net/ethernet.h" />
		<Unit filename="kernel/include/net/icmp.h" />
		<Unit filename="kernel/include/net/interface.h" />
		<Unit filename="kernel/include/net/ipv4.h" />
		<Unit filename="kernel/include/net/net.h" />
		<Unit filename="kernel/include/net/packet.h" />
		<Unit filename="kernel/include/net/protocol.h" />
		<Unit filename="kernel/include/net/raw.h" />
		<Unit filename="kernel/include/net/route.h" />
		<Unit filename="kernel/include/net/socket.h" />
		<Unit filename="kernel/include/net/tcp.h" />
		<Unit filename="kernel/include/net/tftp.h" />
		<Unit filename="kernel/include/net/udp.h" />
		<Unit filename="kernel/include/platform.h" />
		<Unit filename="kernel/include/preempt.h" />
		<Unit filename="kernel/include/process.h" />
		<Unit filename="kernel/include/sched.h" />
		<Unit filename="kernel/include/semaphore.h" />
		<Unit filename="kernel/include/syscall.h" />
		<Unit filename="kernel/include/syscalls.h" />
		<Unit filename="kernel/include/tick.h" />
		<Unit filename="kernel/include/types.h" />
		<Unit filename="kernel/include/user.h" />
		<Unit filename="kernel/include/version.h" />
		<Unit filename="kernel/keyboard.c">
			<Option compilerVar="CC" />
		</Unit>
		<Unit filename="kernel/ksym.c">
			<Option compilerVar="CC" />
		</Unit>
		<Unit filename="kernel/memory/blockalloc.c">
			<Option compilerVar="CC" />
		</Unit>
		<Unit filename="kernel/memory/buddy.c">
			<Option compilerVar="CC" />
		</Unit>
		<Unit filename="kernel/memory/extents.c">
			<Option compilerVar="CC" />
		</Unit>
		<Unit filename="kernel/memory/heap.c">
			<Option compilerVar="CC" />
		</Unit>
		<Unit filename="kernel/memory/kmalloc.c">
			<Option compilerVar="CC" />
		</Unit>
		<Unit filename="kernel/memory/slab.c">
			<Option compilerVar="CC" />
		</Unit>
		<Unit filename="kernel/net/address.c">
			<Option compilerVar="CC" />
		</Unit>
		<Unit filename="kernel/net/arp.c">
			<Option compilerVar="CC" />
		</Unit>
		<Unit filename="kernel/net/dhcp.c">
			<Option compilerVar="CC" />
		</Unit>
		<Unit filename="kernel/net/ethernet.c">
			<Option compilerVar="CC" />
		</Unit>
		<Unit filename="kernel/net/icmp.c">
			<Option compilerVar="CC" />
		</Unit>
		<Unit filename="kernel/net/interface.c">
			<Option compilerVar="CC" />
		</Unit>
		<Unit filename="kernel/net/ipv4.c">
			<Option compilerVar="CC" />
		</Unit>
		<Unit filename="kernel/net/net.c">
			<Option compilerVar="CC" />
		</Unit>
		<Unit filename="kernel/net/packet.c">
			<Option compilerVar="CC" />
		</Unit>
		<Unit filename="kernel/net/protocol.c">
			<Option compilerVar="CC" />
		</Unit>
		<Unit filename="kernel/net/raw.c">
			<Option compilerVar="CC" />
		</Unit>
		<Unit filename="kernel/net/route.c">
			<Option compilerVar="CC" />
		</Unit>
		<Unit filename="kernel/net/socket.c">
			<Option compilerVar="CC" />
		</Unit>
		<Unit filename="kernel/net/tcp.c">
			<Option compilerVar="CC" />
		</Unit>
		<Unit filename="kernel/net/tftp.c">
			<Option compilerVar="CC" />
		</Unit>
		<Unit filename="kernel/net/udp.c">
			<Option compilerVar="CC" />
		</Unit>
		<Unit filename="kernel/preempt.c">
			<Option compilerVar="CC" />
		</Unit>
		<Unit filename="kernel/process.c">
			<Option compilerVar="CC" />
		</Unit>
		<Unit filename="kernel/sched.c">
			<Option compilerVar="CC" />
		</Unit>
		<Unit filename="kernel/semaphore.c">
			<Option compilerVar="CC" />
		</Unit>
		<Unit filename="kernel/syscall.c">
			<Option compilerVar="CC" />
		</Unit>
		<Unit filename="kernel/tick.c">
			<Option compilerVar="CC" />
		</Unit>
		<Unit filename="kernel/user.c">
			<Option compilerVar="CC" />
		</Unit>
		<Unit filename="kernel/util/buffer.c">
			<Option compilerVar="CC" />
		</Unit>
		<Unit filename="kernel/util/buffer.h" />
		<Unit filename="kernel/util/bvec.c">
			<Option compilerVar="CC" />
		</Unit>
		<Unit filename="kernel/util/bvec.h" />
		<Unit filename="kernel/util/checksum.c">
			<Option compilerVar="CC" />
		</Unit>
		<Unit filename="kernel/util/dump.c">
			<Option compilerVar="CC" />
		</Unit>
		<Unit filename="kernel/util/hash.c">
			<Option compilerVar="CC" />
		</Unit>
		<Unit filename="kernel/util/kprintf.c">
			<Option compilerVar="CC" />
		</Unit>
		<Unit filename="kernel/util/ktime.c">
			<Option compilerVar="CC" />
		</Unit>
		<Unit filename="kernel/util/kutil.h" />
		<Unit filename="kernel/util/numeric.c">
			<Option compilerVar="CC" />
		</Unit>
		<Unit filename="kernel/util/string.c">
			<Option compilerVar="CC" />
		</Unit>
		<Unit filename="klibc/Makefile" />
		<Unit filename="klibc/assert.c">
			<Option compilerVar="CC" />
		</Unit>
		<Unit filename="klibc/ctype.c">
			<Option compilerVar="CC" />
		</Unit>
		<Unit filename="klibc/errno.c">
			<Option compilerVar="CC" />
		</Unit>
		<Unit filename="klibc/include/assert.h" />
		<Unit filename="klibc/include/ctype.h" />
		<Unit filename="klibc/include/errno.h" />
		<Unit filename="klibc/include/errors.h" />
		<Unit filename="klibc/include/limits.h" />
		<Unit filename="klibc/include/stdint.h" />
		<Unit filename="klibc/include/stdio.h" />
		<Unit filename="klibc/include/stdlib.h" />
		<Unit filename="klibc/include/string.h" />
		<Unit filename="klibc/include/strings.h" />
		<Unit filename="klibc/printf.c">
			<Option compilerVar="CC" />
		</Unit>
		<Unit filename="klibc/stdio.c">
			<Option compilerVar="CC" />
		</Unit>
		<Unit filename="klibc/stdlib.c">
			<Option compilerVar="CC" />
		</Unit>
		<Unit filename="klibc/string.c">
			<Option compilerVar="CC" />
		</Unit>
		<Unit filename="klibc/strings.c">
			<Option compilerVar="CC" />
		</Unit>
		<Unit filename="monitor/Makefile" />
		<Unit filename="monitor/commands.c">
			<Option compilerVar="CC" />
		</Unit>
		<Unit filename="monitor/disasm.c">
			<Option compilerVar="CC" />
		</Unit>
		<Unit filename="monitor/disasm.h" />
		<Unit filename="monitor/env.c">
			<Option compilerVar="CC" />
		</Unit>
		<Unit filename="monitor/env.h" />
		<Unit filename="monitor/history.c">
			<Option compilerVar="CC" />
		</Unit>
		<Unit filename="monitor/history.h" />
		<Unit filename="monitor/monitor.c">
			<Option compilerVar="CC" />
		</Unit>
		<Unit filename="monitor/monitor.h" />
		<Unit filename="monitor/readline.c">
			<Option compilerVar="CC" />
		</Unit>
		<Unit filename="monitor/readline.h" />
		<Unit filename="monitor/srec.c">
			<Option compilerVar="CC" />
		</Unit>
		<Unit filename="monitor/srec.h" />
		<Unit filename="platform/lambda/Makefile" />
		<Unit filename="platform/lambda/device.c">
			<Option compilerVar="CC" />
		</Unit>
		<Unit filename="platform/lambda/dfu.c">
			<Option compilerVar="CC" />
		</Unit>
		<Unit filename="platform/lambda/include/device.h" />
		<Unit filename="platform/lambda/include/dfu.h" />
		<Unit filename="platform/lambda/include/lambda.h" />
		<Unit filename="platform/lambda/kernel.ld" />
		<Unit filename="platform/lambda/lambda.c">
			<Option compilerVar="CC" />
		</Unit>
		<Unit filename="platform/lambda/startup.S" />
		<Unit filename="platform/platform_specific.h" />
		<Extensions>
			<envvars />
			<code_completion />
			<debugger />
			<lib_finder disable_auto="1" />
		</Extensions>
	</Project>
</CodeBlocks_project_file>
